
Microsoft Visual Studio Solution File, Format Version 12.00
# Visual Studio Version 17
VisualStudioVersion = 17.5.002.0
MinimumVisualStudioVersion = 10.0.40219.1
Project("{9A19103F-16F7-4668-BE54-9A1E7A4F7556}") = "Ap1", "Ap1.csproj", "{E9E239DF-6EA0-4554-AEDF-BFEF5DFAF73A}"
EndProject
Global
	GlobalSection(SolutionConfigurationPlatforms) = preSolution
		Debug|Any CPU = Debug|Any CPU
		Release|Any CPU = Release|Any CPU
	EndGlobalSection
	GlobalSection(ProjectConfigurationPlatforms) = postSolution
		{E9E239DF-6EA0-4554-AEDF-BFEF5DFAF73A}.Debug|Any CPU.ActiveCfg = Debug|Any CPU
		{E9E239DF-6EA0-4554-AEDF-BFEF5DFAF73A}.Debug|Any CPU.Build.0 = Debug|Any CPU
		{E9E239DF-6EA0-4554-AEDF-BFEF5DFAF73A}.Release|Any CPU.ActiveCfg = Release|Any CPU
		{E9E239DF-6EA0-4554-AEDF-BFEF5DFAF73A}.Release|Any CPU.Build.0 = Release|Any CPU
	EndGlobalSection
	GlobalSection(SolutionProperties) = preSolution
		HideSolutionNode = FALSE
	EndGlobalSection
	GlobalSection(ExtensibilityGlobals) = postSolution
		SolutionGuid = {3F1A1DB3-201F-41ED-8DFB-622CEE5FAF69}
	EndGlobalSection
EndGlobal
